[[package]]
category = "main"
description = "A module to work with countries and languages"
name = "babelfish"
optional = false
python-versions = "*"
version = "0.5.5"

[[package]]
category = "main"
description = "Python package for providing Mozilla's CA Bundle."
name = "certifi"
optional = false
python-versions = "*"
version = "2019.6.16"

[[package]]
category = "main"
description = "Universal encoding detector for Python 2 and 3"
name = "chardet"
optional = false
python-versions = "*"
version = "3.0.4"

[[package]]
category = "dev"
description = "Updated configparser from Python 3.7 for Python 2.6+."
marker = "python_version < \"3.2\""
name = "configparser"
optional = false
python-versions = ">=2.6"
version = "3.7.4"

[package.extras]
docs = ["sphinx", "jaraco.packaging (>=3.2)", "rst.linker (>=1.9)"]
testing = ["pytest (>=3.5,<3.7.3 || >3.7.3)", "pytest-checkdocs (>=1.2)", "pytest-flake8"]

[[package]]
category = "dev"
description = "Discover and load entry points from installed packages."
name = "entrypoints"
optional = false
python-versions = ">=2.7"
version = "0.3"

[package.dependencies]
[package.dependencies.configparser]
python = ">=2.7,<2.8"
version = ">=3.5"

[[package]]
category = "dev"
description = "Python 3.4 Enum backported to 3.3, 3.2, 3.1, 2.7, 2.6, 2.5, and 2.4"
marker = "python_version < \"3.4\""
name = "enum34"
optional = false
python-versions = "*"
version = "1.1.6"

[[package]]
category = "dev"
description = "the modular source code checker: pep8, pyflakes and co"
name = "flake8"
optional = false
python-versions = ">=2.7, !=3.0.*, !=3.1.*, !=3.2.*, !=3.3.*"
version = "3.7.8"

[package.dependencies]
entrypoints = ">=0.3.0,<0.4.0"
mccabe = ">=0.6.0,<0.7.0"
pycodestyle = ">=2.5.0,<2.6.0"
pyflakes = ">=2.1.0,<2.2.0"

[package.dependencies.configparser]
python = "<3.2"
version = "*"

[package.dependencies.enum34]
python = "<3.4"
version = "*"

[package.dependencies.functools32]
python = "<3.2"
version = "*"

[package.dependencies.typing]
python = "<3.5"
version = "*"

[[package]]
category = "dev"
description = "Backport of the functools module from Python 3.2.3 for use on 2.7 and PyPy."
marker = "python_version < \"3.2\""
name = "functools32"
optional = false
python-versions = "*"
version = "3.2.3-2"

[[package]]
category = "main"
description = "GuessIt - a library for guessing information from video filenames."
name = "guessit"
optional = false
python-versions = "*"
version = "3.0.4"

[package.dependencies]
babelfish = "*"
python-dateutil = "*"
rebulk = "*"

[package.extras]
dev = ["zest.releaser", "pylint", "tox", "sphinx", "sphinx-autobuild"]
test = ["pytest (>=3.3)", "pytest-benchmark", "pyyaml"]

[[package]]
category = "main"
description = "Internationalized Domain Names in Applications (IDNA)"
name = "idna"
optional = false
python-versions = ">=2.7, !=3.0.*, !=3.1.*, !=3.2.*, !=3.3.*"
version = "2.8"

[[package]]
category = "main"
description = "Python package to access the IMDb's database"
name = "imdbpy"
optional = false
python-versions = "*"
version = "6.7"

[package.dependencies]
SQLAlchemy = "*"
lxml = "*"

[package.extras]
dev = ["flake8", "flake8-isort", "readme-renderer"]
doc = ["sphinx", "sphinx-rtd-theme"]
test = ["pytest", "pytest-cov", "pytest-profiling"]

[[package]]
category = "main"
description = "Powerful and Pythonic XML processing library combining libxml2/libxslt with the ElementTree API."
name = "lxml"
optional = false
python-versions = "*"
version = "4.3.4"

[package.extras]
cssselect = ["cssselect (>=0.7)"]
html5 = ["html5lib"]
htmlsoup = ["beautifulsoup4"]
source = ["Cython (>=0.29.1)"]

[[package]]
category = "dev"
description = "McCabe checker, plugin for flake8"
name = "mccabe"
optional = false
python-versions = "*"
version = "0.6.1"

[[package]]
category = "main"
description = "Python bindings for the MusicBrainz NGS and the Cover Art Archive webservices"
name = "musicbrainzngs"
optional = false
python-versions = "*"
version = "0.6"

[[package]]
category = "dev"
description = "Python style guide checker"
name = "pycodestyle"
optional = false
python-versions = ">=2.7, !=3.0.*, !=3.1.*, !=3.2.*, !=3.3.*"
version = "2.5.0"

[[package]]
category = "dev"
description = "passive checker of Python programs"
name = "pyflakes"
optional = false
python-versions = ">=2.7, !=3.0.*, !=3.1.*, !=3.2.*, !=3.3.*"
version = "2.1.1"

[[package]]
category = "main"
description = "Extensions to the standard Python datetime module"
name = "python-dateutil"
optional = false
python-versions = ">=2.7, !=3.0.*, !=3.1.*, !=3.2.*"
version = "2.8.0"

[package.dependencies]
six = ">=1.5"

[[package]]
category = "main"
description = "Rebulk - Define simple search patterns in bulk to perform advanced matching on any string."
name = "rebulk"
optional = false
python-versions = "*"
version = "1.0.0"

[package.dependencies]
six = "*"

[package.extras]
dev = ["pytest", "zest.releaser", "pylint", "tox"]
native = ["regex"]
test = ["pytest"]

[[package]]
category = "main"
description = "Python HTTP for Humans."
name = "requests"
optional = false
python-versions = ">=2.7, !=3.0.*, !=3.1.*, !=3.2.*, !=3.3.*, !=3.4.*"
version = "2.22.0"

[package.dependencies]
certifi = ">=2017.4.17"
chardet = ">=3.0.2,<3.1.0"
idna = ">=2.5,<2.9"
urllib3 = ">=1.21.1,<1.25.0 || >1.25.0,<1.25.1 || >1.25.1,<1.26"

[package.extras]
security = ["pyOpenSSL (>=0.14)", "cryptography (>=1.3.4)", "idna (>=2.0.0)"]
socks = ["PySocks (>=1.5.6,<1.5.7 || >1.5.7)", "win-inet-pton"]

[[package]]
category = "main"
description = "Persistent cache for requests library"
name = "requests-cache"
optional = false
python-versions = "*"
version = "0.5.0"

[package.dependencies]
requests = ">=1.1.0"

[[package]]
category = "main"
description = "Python 2 and 3 compatibility utilities"
name = "six"
optional = false
python-versions = ">=2.6, !=3.0.*, !=3.1.*"
version = "1.12.0"

[[package]]
category = "main"
description = "Database Abstraction Library"
name = "sqlalchemy"
optional = false
python-versions = ">=2.7, !=3.0.*, !=3.1.*, !=3.2.*, !=3.3.*"
version = "1.3.5"

[package.extras]
mssql = ["pyodbc"]
mssql_pymssql = ["pymssql"]
mssql_pyodbc = ["pyodbc"]
mysql = ["mysqlclient"]
oracle = ["cx-oracle"]
postgresql = ["psycopg2"]
postgresql_pg8000 = ["pg8000"]
postgresql_psycopg2binary = ["psycopg2-binary"]
postgresql_psycopg2cffi = ["psycopg2cffi"]
pymysql = ["pymysql"]

[[package]]
category = "main"
description = "Interface to thetvdb.com"
name = "tvdb-api"
optional = false
python-versions = "*"
version = "2.0"

[package.dependencies]
requests = "*"
requests_cache = "*"

[[package]]
category = "dev"
description = "Type Hints for Python"
marker = "python_version < \"3.5\""
name = "typing"
optional = false
python-versions = "*"
version = "3.7.4"

[[package]]
category = "main"
description = "HTTP library with thread-safe connection pooling, file post, and more."
name = "urllib3"
optional = false
python-versions = ">=2.7, !=3.0.*, !=3.1.*, !=3.2.*, !=3.3.*, <4"
version = "1.25.3"

[package.extras]
brotli = ["brotlipy (>=0.6.0)"]
secure = ["pyOpenSSL (>=0.14)", "cryptography (>=1.3.4)", "idna (>=2.0.0)", "certifi", "ipaddress"]
socks = ["PySocks (>=1.5.6,<1.5.7 || >1.5.7,<2.0)"]

[metadata]
content-hash = "ed361914e473106ce8dc141a8b2f96ffe667a6a143cdf438a189ffe04664ebae"
python-versions = ">=2.7, !=3.0.*, !=3.1.*, !=3.2.*, !=3.3.*, !=3.4.*, !=3.5.*, <4"

[metadata.hashes]
babelfish = ["8380879fa51164ac54a3e393f83c4551a275f03617f54a99d70151358e444104"]
certifi = ["046832c04d4e752f37383b628bc601a7ea7211496b4638f6514d0e5b9acc4939", "945e3ba63a0b9f577b1395204e13c3a231f9bc0223888be653286534e5873695"]
chardet = ["84ab92ed1c4d4f16916e05906b6b75a6c0fb5db821cc65e70cbd64a3e2a5eaae", "fc323ffcaeaed0e0a02bf4d117757b98aed530d9ed4531e3e15460124c106691"]
configparser = ["8be81d89d6e7b4c0d4e44bcc525845f6da25821de80cb5e06e7e0238a2899e32", "da60d0014fd8c55eb48c1c5354352e363e2d30bbf7057e5e171a468390184c75"]
entrypoints = ["589f874b313739ad35be6e0cd7efde2a4e9b6fea91edcc34e58ecbb8dbe56d19", "c70dd71abe5a8c85e55e12c19bd91ccfeec11a6e99044204511f9ed547d48451"]
enum34 = ["2d81cbbe0e73112bdfe6ef8576f2238f2ba27dd0d55752a776c41d38b7da2850", "644837f692e5f550741432dd3f223bbb9852018674981b1664e5dc339387588a", "6bd0f6ad48ec2aa117d3d141940d484deccda84d4fcd884f5c3d93c23ecd8c79", "8ad8c4783bf61ded74527bffb48ed9b54166685e4230386a9ed9b1279e2df5b1"]
flake8 = ["19241c1cbc971b9962473e4438a2ca19749a7dd002dd1a946eaba171b4114548", "8e9dfa3cecb2400b3738a42c54c3043e821682b9c840b0448c0503f781130696"]
functools32 = ["89d824aa6c358c421a234d7f9ee0bd75933a67c29588ce50aaa3acdf4d403fa0", "f6253dfbe0538ad2e387bd8fdfd9293c925d63553f5813c4e587745416501e6d"]
guessit = ["37803ec0d7f20f2e1425dfe3bb978dc3b9c65872aa3760c664b31a9115232ec1"]
idna = ["c357b3f628cf53ae2c4c05627ecc484553142ca23264e593d327bcde5e9c3407", "ea8b7f6188e6fa117537c3df7da9fc686d485087abf6ac197f9c46432f7e4a3c"]
imdbpy = ["4be128c9c3243ff57c880baf6e5967888c9f3db7f536464b20280ecaf04bdace", "7d3fce6ad95cf38c78f0df6c7d4094df932b42379c5d578f6ec8164918bd1100"]
lxml = ["06c7616601430aa140a69f97e3116308fffe0848f543b639a5ec2e8920ae72fd", "177202792f9842374a8077735c69c41a4282183f7851443d2beb8ee310720819", "19317ad721ceb9e39847d11131903931e2794e447d4751ebb0d9236f1b349ff2", "36d206e62f3e5dbaafd4ec692b67157e271f5da7fd925fda8515da675eace50d", "387115b066c797c85f9861a9613abf50046a15aac16759bc92d04f94acfad082", "3ce1c49d4b4a7bc75fb12acb3a6247bb7a91fe420542e6d671ba9187d12a12c2", "4d2a5a7d6b0dbb8c37dab66a8ce09a8761409c044017721c21718659fa3365a1", "58d0a1b33364d1253a88d18df6c0b2676a1746d27c969dc9e32d143a3701dda5", "62a651c618b846b88fdcae0533ec23f185bb322d6c1845733f3123e8980c1d1b", "69ff21064e7debc9b1b1e2eee8c2d686d042d4257186d70b338206a80c5bc5ea", "7060453eba9ba59d821625c6af6a266bd68277dce6577f754d1eb9116c094266", "7d26b36a9c4bce53b9cfe42e67849ae3c5c23558bc08363e53ffd6d94f4ff4d2", "83b427ad2bfa0b9705e02a83d8d607d2c2f01889eb138168e462a3a052c42368", "923d03c84534078386cf50193057aae98fa94cace8ea7580b74754493fda73ad", "b773715609649a1a180025213f67ffdeb5a4878c784293ada300ee95a1f3257b", "baff149c174e9108d4a2fee192c496711be85534eab63adb122f93e70aa35431", "bca9d118b1014b4c2d19319b10a3ebed508ff649396ce1855e1c96528d9b2fa9", "ce580c28845581535dc6000fc7c35fdadf8bea7ccb57d6321b044508e9ba0685", "d34923a569e70224d88e6682490e24c842907ba2c948c5fd26185413cbe0cd96", "dd9f0e531a049d8b35ec5e6c68a37f1ba6ec3a591415e6804cbdf652793d15d7", "ecb805cbfe9102f3fd3d2ef16dfe5ae9e2d7a7dfbba92f4ff1e16ac9784dbfb0", "ede9aad2197a0202caff35d417b671f5f91a3631477441076082a17c94edd846", "ef2d1fc370400e0aa755aab0b20cf4f1d0e934e7fd5244f3dd4869078e4942b9", "f2fec194a49bfaef42a548ee657362af5c7a640da757f6f452a35da7dd9f923c"]
mccabe = ["ab8a6258860da4b6677da4bd2fe5dc2c659cff31b3ee4f7f5d64e79735b80d42", "dd8d182285a0fe56bace7f45b5e7d1a6ebcbf524e8f3bd87eb0f125271b8831f"]
musicbrainzngs = ["28ef261a421dffde0a25281dab1ab214e1b407eec568cd05a53e73256f56adb5"]
pycodestyle = ["95a2219d12372f05704562a14ec30bc76b05a5b297b21a5dfe3f6fac3491ae56", "e40a936c9a450ad81df37f549d676d127b1b66000a6c500caa2b085bc0ca976c"]
pyflakes = ["17dbeb2e3f4d772725c777fabc446d5634d1038f234e77343108ce445ea69ce0", "d976835886f8c5b31d47970ed689944a0262b5f3afa00a5a7b4dc81e5449f8a2"]
python-dateutil = ["7e6584c74aeed623791615e26efd690f29817a27c73085b78e4bad02493df2fb", "c89805f6f4d64db21ed966fda138f8a5ed7a4fdbc1a8ee329ce1b74e3c74da9e"]
rebulk = ["1d49e4f7ef6fb874e60efccacbbe661092fabdb7770cdf7f7de4516d50535998"]
requests = ["11e007a8a2aa0323f5a921e9e6a2d7e4e67d9877e85773fba9ba6419025cbeb4", "9cf5292fcd0f598c671cfc1e0d7d1a7f13bb8085e9a590f48c010551dc6c4b31"]
requests-cache = ["6822f788c5ee248995c4bfbd725de2002ad710182ba26a666e85b64981866060", "73a7211870f7d67af5fd81cad2f67cfe1cd3eb4ee6a85155e07613968cc72dfc"]
six = ["3350809f0555b11f552448330d0b52d5f24c91a322ea4a15ef22629740f3761c", "d16a0141ec1a18405cd4ce8b4613101da75da0e9a7aec5bdd4fa804d0e0eba73"]
sqlalchemy = ["c30925d60af95443458ebd7525daf791f55762b106049ae71e18f8dd58084c2f"]
tvdb-api = ["b1de28a5100121d91b1f6a8ec7e86f2c4bdf48fb22fab3c6fe21e7fb7346bf8f"]
typing = ["38566c558a0a94d6531012c8e917b1b8518a41e418f7f15f00e129cc80162ad3", "53765ec4f83a2b720214727e319607879fec4acde22c4fbb54fa2604e79e44ce", "84698954b4e6719e912ef9a42a2431407fe3755590831699debda6fba92aac55"]
urllib3 = ["b246607a25ac80bedac05c6f282e3cdaf3afb65420fd024ac94435cabe6e18d1", "dbe59173209418ae49d485b87d1681aefa36252ee85884c31346debd19463232"]
